
Microsoft Visual Studio Solution File, Format Version 12.00
# Visual Studio Version 16
VisualStudioVersion = 16.0.30711.63
MinimumVisualStudioVersion = 10.0.40219.1
Project("{FAE04EC0-301F-11D3-BF4B-00C04F79EFBC}") = "NatureEventV2", "NatureEventV2\NatureEventV2.csproj", "{B345710F-9BE2-4564-8FCA-BE157366E5B5}"
EndProject
Global
	GlobalSection(SolutionConfigurationPlatforms) = preSolution
		Debug|Any CPU = Debug|Any CPU
		Release|Any CPU = Release|Any CPU
	EndGlobalSection
	GlobalSection(ProjectConfigurationPlatforms) = postSolution
		{B345710F-9BE2-4564-8FCA-BE157366E5B5}.Debug|Any CPU.ActiveCfg = Debug|Any CPU
		{B345710F-9BE2-4564-8FCA-BE157366E5B5}.Debug|Any CPU.Build.0 = Debug|Any CPU
		{B345710F-9BE2-4564-8FCA-BE157366E5B5}.Release|Any CPU.ActiveCfg = Release|Any CPU
		{B345710F-9BE2-4564-8FCA-BE157366E5B5}.Release|Any CPU.Build.0 = Release|Any CPU
	EndGlobalSection
	GlobalSection(SolutionProperties) = preSolution
		HideSolutionNode = FALSE
	EndGlobalSection
	GlobalSection(ExtensibilityGlobals) = postSolution
		SolutionGuid = {D7504023-C455-4A33-979E-B9451F1AD701}
	EndGlobalSection
EndGlobal
